
Microsoft Visual Studio Solution File, Format Version 12.00
# Visual Studio Version 16
VisualStudioVersion = 16.0.31019.35
MinimumVisualStudioVersion = 10.0.40219.1
Project("{FAE04EC0-301F-11D3-BF4B-00C04F79EFBC}") = "VeganStore", "VeganStore\VeganStore.csproj", "{8944A4EA-DA38-42F3-9E8F-DD580B88BB3F}"
EndProject
Global
	GlobalSection(SolutionConfigurationPlatforms) = preSolution
		Debug|Any CPU = Debug|Any CPU
		Release|Any CPU = Release|Any CPU
	EndGlobalSection
	GlobalSection(ProjectConfigurationPlatforms) = postSolution
		{8944A4EA-DA38-42F3-9E8F-DD580B88BB3F}.Debug|Any CPU.ActiveCfg = Debug|Any CPU
		{8944A4EA-DA38-42F3-9E8F-DD580B88BB3F}.Debug|Any CPU.Build.0 = Debug|Any CPU
		{8944A4EA-DA38-42F3-9E8F-DD580B88BB3F}.Release|Any CPU.ActiveCfg = Release|Any CPU
		{8944A4EA-DA38-42F3-9E8F-DD580B88BB3F}.Release|Any CPU.Build.0 = Release|Any CPU
	EndGlobalSection
	GlobalSection(SolutionProperties) = preSolution
		HideSolutionNode = FALSE
	EndGlobalSection
	GlobalSection(ExtensibilityGlobals) = postSolution
		SolutionGuid = {38F6D915-0D90-4CA5-9E63-69E70ED9439A}
	EndGlobalSection
EndGlobal
